schema: '2.0'
stages:
  train:
    cmd: python3 src/train.py
    deps:
    - path: data/raw/wildfire-raw-yolov8
      hash: md5
      md5: c8e7661c5612de4b50ad0a2748b496d7.dir
      size: 28874521
      nfiles: 1477
    - path: params.yaml
      hash: md5
      md5: adc0df879b4bb0dc206703cd56ed8aa5
      size: 227
    - path: src/train.py
      hash: md5
      md5: a2a2f02b69ec84a2ed8ef088e78bd84e
      size: 2041
    - path: src/utils.py
      md5: 5440f0cb53d7c318e2233a2414c32147
      size: 1228
    outs:
    - path: models/model.pt
      hash: md5
      md5: 33488f8dba84bcc1fa0fba08b6d61716
      size: 22503449
      isexec: true
    - path: reports/train_metrics.csv
      hash: md5
      md5: 8c78227d80add808a03c52b7b8b4759b
      size: 7056
      isexec: true
    - path: reports/train_params.yaml
      hash: md5
      md5: 3bd71e41c9d89392a740171db11107db
      size: 1660
      isexec: true
  test:
    cmd: python src/predict.py
    deps:
    - path: data/raw/wildfire-raw-yolov8
      md5: ffe9083905cf64817ca61146b3356bb6.dir
      size: 28867246
      nfiles: 1482
    - path: models/model.pt
      md5: a8fa6711eedec056b859e0f899f853ed
      size: 22495096
    - path: src/predict.py
      md5: 89e2f32ae1996a0c6ed060d658bc493d
      size: 533
